// !$*UTF8*$!
{
	archiveVersion = 1;
	classes = {
	};
	objectVersion = 48;
	objects = {

/* Begin PBXBuildFile section */
		A200DF591FE26C93005A18AE /* AppDelegate.swift in Sources */ = {isa = PBXBuildFile; fileRef = A200DF581FE26C93005A18AE /* AppDelegate.swift */; };
		A200DF5B1FE26C93005A18AE /* ViewController.swift in Sources */ = {isa = PBXBuildFile; fileRef = A200DF5A1FE26C93005A18AE /* ViewController.swift */; };
		A200DF5E1FE26C93005A18AE /* Main.storyboard in Resources */ = {isa = PBXBuildFile; fileRef = A200DF5C1FE26C93005A18AE /* Main.storyboard */; };
		A200DF601FE26C93005A18AE /* Assets.xcassets in Resources */ = {isa = PBXBuildFile; fileRef = A200DF5F1FE26C93005A18AE /* Assets.xcassets */; };
		A200DF631FE26C93005A18AE /* LaunchScreen.storyboard in Resources */ = {isa = PBXBuildFile; fileRef = A200DF611FE26C93005A18AE /* LaunchScreen.storyboard */; };
/* End PBXBuildFile section */

/* Begin PBXFileReference section */
		A200DF551FE26C93005A18AE /* FBLiveStreamReaction.app */ = {isa = PBXFileReference; explicitFileType = wrapper.application; includeInIndex = 0; path = FBLiveStreamReaction.app; sourceTree = BUILT_PRODUCTS_DIR; };
		A200DF581FE26C93005A18AE /* AppDelegate.swift */ = {isa = PBXFileReference; lastKnownFileType = sourcecode.swift; path = AppDelegate.swift; sourceTree = "<group>"; };
		A200DF5A1FE26C93005A18AE /* ViewController.swift */ = {isa = PBXFileReference; lastKnownFileType = sourcecode.swift; path = ViewController.swift; sourceTree = "<group>"; };
		A200DF5D1FE26C93005A18AE /* Base */ = {isa = PBXFileReference; lastKnownFileType = file.storyboard; name = Base; path = Base.lproj/Main.storyboard; sourceTree = "<group>"; };
		A200DF5F1FE26C93005A18AE /* Assets.xcassets */ = {isa = PBXFileReference; lastKnownFileType = folder.assetcatalog; path = Assets.xcassets; sourceTree = "<group>"; };
		A200DF621FE26C93005A18AE /* Base */ = {isa = PBXFileReference; lastKnownFileType = file.storyboard; name = Base; path = Base.lproj/LaunchScreen.storyboard; sourceTree = "<group>"; };
		A200DF641FE26C93005A18AE /* Info.plist */ = {isa = PBXFileReference; lastKnownFileType = text.plist.xml; path = Info.plist; sourceTree = "<group>"; };
/* End PBXFileReference section */

/* Begin PBXFrameworksBuildPhase section */
		A200DF521FE26C92005A18AE /* Frameworks */ = {
			isa = PBXFrameworksBuildPhase;
			buildActionMask = 2147483647;
			files = (
			);
			runOnlyForDeploymentPostprocessing = 0;
		};
/* End PBXFrameworksBuildPhase section */

/* Begin PBXGroup section */
		A200DF4C1FE26C92005A18AE = {
			isa = PBXGroup;
			children = (
				A200DF571FE26C93005A18AE /* FBLiveStreamReaction */,
				A200DF561FE26C93005A18AE /* Products */,
			);
			sourceTree = "<group>";
		};
		A200DF561FE26C93005A18AE /* Products */ = {
			isa = PBXGroup;
			children = (
				A200DF551FE26C93005A18AE /* FBLiveStreamReaction.app */,
			);
			name = Products;
			sourceTree = "<group>";
		};
		A200DF571FE26C93005A18AE /* FBLiveStreamReaction */ = {
			isa = PBXGroup;
			children = (
				A200DF581FE26C93005A18AE /* AppDelegate.swift */,
				A200DF5A1FE26C93005A18AE /* ViewController.swift */,
				A200DF5C1FE26C93005A18AE /* Main.storyboard */,
				A200DF5F1FE26C93005A18AE /* Assets.xcassets */,
				A200DF611FE26C93005A18AE /* LaunchScreen.storyboard */,
				A200DF641FE26C93005A18AE /* Info.plist */,
			);
			path = FBLiveStreamReaction;
			sourceTree = "<group>";
		};
/* End PBXGroup section */

/* Begin PBXNativeTarget section */
		A200DF541FE26C92005A18AE /* FBLiveStreamReaction */ = {
			isa = PBXNativeTarget;
			buildConfigurationList = A200DF671FE26C93005A18AE /* Build configuration list for PBXNativeTarget "FBLiveStreamReaction" */;
			buildPhases = (
				A200DF511FE26C92005A18AE /* Sources */,
				A200DF521FE26C92005A18AE /* Frameworks */,
				A200DF531FE26C92005A18AE /* Resources */,
			);
			buildRules = (
			);
			dependencies = (
			);
			name = FBLiveStreamReaction;
			productName = FBLiveStreamReaction;
			productReference = A200DF551FE26C93005A18AE /* FBLiveStreamReaction.app */;
			productType = "com.apple.product-type.application";
		};
/* End PBXNativeTarget section */

/* Begin PBXProject section */
		A200DF4D1FE26C92005A18AE /* Project object */ = {
			isa = PBXProject;
			attributes = {
				LastSwiftUpdateCheck = 0920;
				LastUpgradeCheck = 0920;
				ORGANIZATIONNAME = b3;
				TargetAttributes = {
					A200DF541FE26C92005A18AE = {
						CreatedOnToolsVersion = 9.2;
						ProvisioningStyle = Automatic;
					};
				};
			};
			buildConfigurationList = A200DF501FE26C92005A18AE /* Build configuration list for PBXProject "FBLiveStreamReaction" */;
			compatibilityVersion = "Xcode 8.0";
			developmentRegion = en;
			hasScannedForEncodings = 0;
			knownRegions = (
				en,
				Base,
			);
			mainGroup = A200DF4C1FE26C92005A18AE;
			productRefGroup = A200DF561FE26C93005A18AE /* Products */;
			projectDirPath = "";
			projectRoot = "";
			targets = (
				A200DF541FE26C92005A18AE /* FBLiveStreamReaction */,
			);
		};
/* End PBXProject section */

/* Begin PBXResourcesBuildPhase section */
		A200DF531FE26C92005A18AE /* Resources */ = {
			isa = PBXResourcesBuildPhase;
			buildActionMask = 2147483647;
			files = (
				A200DF631FE26C93005A18AE /* LaunchScreen.storyboard in Resources */,
				A200DF601FE26C93005A18AE /* Assets.xcassets in Resources */,
				A200DF5E1FE26C93005A18AE /* Main.storyboard in Resources */,
			);
			runOnlyForDeploymentPostprocessing = 0;
		};
/* End PBXResourcesBuildPhase section */

/* Begin PBXSourcesBuildPhase section */
		A200DF511FE26C92005A18AE /* Sources */ = {
			isa = PBXSourcesBuildPhase;
			buildActionMask = 2147483647;
			files = (
				A200DF5B1FE26C93005A18AE /* ViewController.swift in Sources */,
				A200DF591FE26C93005A18AE /* AppDelegate.swift in Sources */,
			);
			runOnlyForDeploymentPostprocessing = 0;
		};
/* End PBXSourcesBuildPhase section */

/* Begin PBXVariantGroup section */
		A200DF5C1FE26C93005A18AE /* Main.storyboard */ = {
			isa = PBXVariantGroup;
			children = (
				A200DF5D1FE26C93005A18AE /* Base */,
			);
			name = Main.storyboard;
			sourceTree = "<group>";
		};
		A200DF611FE26C93005A18AE /* LaunchScreen.storyboard */ = {
			isa = PBXVariantGroup;
			children = (
				A200DF621FE26C93005A18AE /* Base */,
			);
			name = LaunchScreen.storyboard;
			sourceTree = "<group>";
		};
/* End PBXVariantGroup section */

/* Begin XCBuildConfiguration section */
		A200DF651FE26C93005A18AE /* Debug */ = {
			isa = XCBuildConfiguration;
			buildSettings = {
				ALWAYS_SEARCH_USER_PATHS = NO;
				CLANG_ANALYZER_NONNULL = YES;
				CLANG_ANALYZER_NUMBER_OBJECT_CONVERSION = YES_AGGRESSIVE;
				CLANG_CXX_LANGUAGE_STANDARD = "gnu++14";
				CLANG_CXX_LIBRARY = "libc++";
				CLANG_ENABLE_MODULES = YES;
				CLANG_ENABLE_OBJC_ARC = YES;
				CLANG_WARN_BLOCK_CAPTURE_AUTORELEASING = YES;
				CLANG_WARN_BOOL_CONVERSION = YES;
				CLANG_WARN_COMMA = YES;
				CLANG_WARN_CONSTANT_CONVERSION = YES;
				CLANG_WARN_DIRECT_OBJC_ISA_USAGE = YES_ERROR;
				CLANG_WARN_DOCUMENTATION_COMMENTS = YES;
				CLANG_WARN_EMPTY_BODY = YES;
				CLANG_WARN_ENUM_CONVERSION = YES;
				CLANG_WARN_INFINITE_RECURSION = YES;
				CLANG_WARN_INT_CONVERSION = YES;
				CLANG_WARN_NON_LITERAL_NULL_CONVERSION = YES;
				CLANG_WARN_OBJC_LITERAL_CONVERSION = YES;
				CLANG_WARN_OBJC_ROOT_CLASS = YES_ERROR;
				CLANG_WARN_RANGE_LOOP_ANALYSIS = YES;
				CLANG_WARN_STRICT_PROTOTYPES = YES;
				CLANG_WARN_SUSPICIOUS_MOVE = YES;
				CLANG_WARN_UNGUARDED_AVAILABILITY = YES_AGGRESSIVE;
				CLANG_WARN_UNREACHABLE_CODE = YES;
				CLANG_WARN__DUPLICATE_METHOD_MATCH = YES;
				CODE_SIGN_IDENTITY = "iPhone Developer";
				COPY_PHASE_STRIP = NO;
				DEBUG_INFORMATION_FORMAT = dwarf;
				ENABLE_STRICT_OBJC_MSGSEND = YES;
				ENABLE_TESTABILITY = YES;
				GCC_C_LANGUAGE_STANDARD = gnu11;
				GCC_DYNAMIC_NO_PIC = NO;
				GCC_NO_COMMON_BLOCKS = YES;
				GCC_OPTIMIZATION_LEVEL = 0;
				GCC_PREPROCESSOR_DEFINITIONS = (
					"DEBUG=1",
					"$(inherited)",
				);
				GCC_WARN_64_TO_32_BIT_CONVERSION = YES;
				GCC_WARN_ABOUT_RETURN_TYPE = YES_ERROR;
				GCC_WARN_UNDECLARED_SELECTOR = YES;
				GCC_WARN_UNINITIALIZED_AUTOS = YES_AGGRESSIVE;
				GCC_WARN_UNUSED_FUNCTION = YES;
				GCC_WARN_UNUSED_VARIABLE = YES;
				IPHONEOS_DEPLOYMENT_TARGET = 11.2;
				MTL_ENABLE_DEBUG_INFO = YES;
				ONLY_ACTIVE_ARCH = YES;
				SDKROOT = iphoneos;
				SWIFT_ACTIVE_COMPILATION_CONDITIONS = DEBUG;
				SWIFT_OPTIMIZATION_LEVEL = "-Onone";
			};
			name = Debug;
		};
		A200DF661FE26C93005A18AE /* Release */ = {
			isa = XCBuildConfiguration;
			buildSettings = {
				ALWAYS_SEARCH_USER_PATHS = NO;
				CLANG_ANALYZER_NONNULL = YES;
				CLANG_ANALYZER_NUMBER_OBJECT_CONVERSION = YES_AGGRESSIVE;
				CLANG_CXX_LANGUAGE_STANDARD = "gnu++14";
				CLANG_CXX_LIBRARY = "libc++";
				CLANG_ENABLE_MODULES = YES;
				CLANG_ENABLE_OBJC_ARC = YES;
				CLANG_WARN_BLOCK_CAPTURE_AUTORELEASING = YES;
				CLANG_WARN_BOOL_CONVERSION = YES;
				CLANG_WARN_COMMA = YES;
				CLANG_WARN_CONSTANT_CONVERSION = YES;
				CLANG_WARN_DIRECT_OBJC_ISA_USAGE = YES_ERROR;
				CLANG_WARN_DOCUMENTATION_COMMENTS = YES;
				CLANG_WARN_EMPTY_BODY = YES;
				CLANG_WARN_ENUM_CONVERSION = YES;
				CLANG_WARN_INFINITE_RECURSION = YES;
				CLANG_WARN_INT_CONVERSION = YES;
				CLANG_WARN_NON_LITERAL_NULL_CONVERSION = YES;
				CLANG_WARN_OBJC_LITERAL_CONVERSION = YES;
				CLANG_WARN_OBJC_ROOT_CLASS = YES_ERROR;
				CLANG_WARN_RANGE_LOOP_ANALYSIS = YES;
				CLANG_WARN_STRICT_PROTOTYPES = YES;
				CLANG_WARN_SUSPICIOUS_MOVE = YES;
				CLANG_WARN_UNGUARDED_AVAILABILITY = YES_AGGRESSIVE;
				CLANG_WARN_UNREACHABLE_CODE = YES;
				CLANG_WARN__DUPLICATE_METHOD_MATCH = YES;
				CODE_SIGN_IDENTITY = "iPhone Developer";
				COPY_PHASE_STRIP = NO;
				DEBUG_INFORMATION_FORMAT = "dwarf-with-dsym";
				ENABLE_NS_ASSERTIONS = NO;
				ENABLE_STRICT_OBJC_MSGSEND = YES;
				GCC_C_LANGUAGE_STANDARD = gnu11;
				GCC_NO_COMMON_BLOCKS = YES;
				GCC_WARN_64_TO_32_BIT_CONVERSION = YES;
				GCC_WARN_ABOUT_RETURN_TYPE = YES_ERROR;
				GCC_WARN_UNDECLARED_SELECTOR = YES;
				GCC_WARN_UNINITIALIZED_AUTOS = YES_AGGRESSIVE;
				GCC_WARN_UNUSED_FUNCTION = YES;
				GCC_WARN_UNUSED_VARIABLE = YES;
				IPHONEOS_DEPLOYMENT_TARGET = 11.2;
				MTL_ENABLE_DEBUG_INFO = NO;
				SDKROOT = iphoneos;
				SWIFT_OPTIMIZATION_LEVEL = "-Owholemodule";
				VALIDATE_PRODUCT = YES;
			};
			name = Release;
		};
		A200DF681FE26C93005A18AE /* Debug */ = {
			isa = XCBuildConfiguration;
			buildSettings = {
				ASSETCATALOG_COMPILER_APPICON_NAME = AppIcon;
				CODE_SIGN_STYLE = Automatic;
				DEVELOPMENT_TEAM = 52Y77QLU9A;
				INFOPLIST_FILE = FBLiveStreamReaction/Info.plist;
				LD_RUNPATH_SEARCH_PATHS = "$(inherited) @executable_path/Frameworks";
				PRODUCT_BUNDLE_IDENTIFIER = b3.FBLiveStreamReaction;
				PRODUCT_NAME = "$(TARGET_NAME)";
				SWIFT_VERSION = 4.0;
				TARGETED_DEVICE_FAMILY = "1,2";
			};
			name = Debug;
		};
		A200DF691FE26C93005A18AE /* Release */ = {
			isa = XCBuildConfiguration;
			buildSettings = {
				ASSETCATALOG_COMPILER_APPICON_NAME = AppIcon;
				CODE_SIGN_STYLE = Automatic;
				DEVELOPMENT_TEAM = 52Y77QLU9A;
				INFOPLIST_FILE = FBLiveStreamReaction/Info.plist;
				LD_RUNPATH_SEARCH_PATHS = "$(inherited) @executable_path/Frameworks";
				PRODUCT_BUNDLE_IDENTIFIER = b3.FBLiveStreamReaction;
				PRODUCT_NAME = "$(TARGET_NAME)";
				SWIFT_VERSION = 4.0;
				TARGETED_DEVICE_FAMILY = "1,2";
			};
			name = Release;
		};
/* End XCBuildConfiguration section */

/* Begin XCConfigurationList section */
		A200DF501FE26C92005A18AE /* Build configuration list for PBXProject "FBLiveStreamReaction" */ = {
			isa = XCConfigurationList;
			buildConfigurations = (
				A200DF651FE26C93005A18AE /* Debug */,
				A200DF661FE26C93005A18AE /* Release */,
			);
			defaultConfigurationIsVisible = 0;
			defaultConfigurationName = Release;
		};
		A200DF671FE26C93005A18AE /* Build configuration list for PBXNativeTarget "FBLiveStreamReaction" */ = {
			isa = XCConfigurationList;
			buildConfigurations = (
				A200DF681FE26C93005A18AE /* Debug */,
				A200DF691FE26C93005A18AE /* Release */,
			);
			defaultConfigurationIsVisible = 0;
			defaultConfigurationName = Release;
		};
/* End XCConfigurationList section */
	};
	rootObject = A200DF4D1FE26C92005A18AE /* Project object */;
}
